
Microsoft Visual Studio Solution File, Format Version 12.00
# Visual Studio Version 16
VisualStudioVersion = 16.0.29920.165
MinimumVisualStudioVersion = 10.0.40219.1
Project("{F184B08F-C81C-45F6-A57F-5ABD9991F28F}") = "OdeToFood.Web", "OdeToFood.Web\OdeToFood.Web.vbproj", "{E6C571DB-75AE-4B73-8810-C5BAD3A66998}"
EndProject
Project("{FAE04EC0-301F-11D3-BF4B-00C04F79EFBC}") = "OdeToFood.Data", "OdeToFood.Data\OdeToFood.Data.csproj", "{5AA45336-CD50-4F78-8886-9003A71DF84F}"
EndProject
Global
	GlobalSection(SolutionConfigurationPlatforms) = preSolution
		Debug|Any CPU = Debug|Any CPU
		Release|Any CPU = Release|Any CPU
	EndGlobalSection
	GlobalSection(ProjectConfigurationPlatforms) = postSolution
		{E6C571DB-75AE-4B73-8810-C5BAD3A66998}.Debug|Any CPU.ActiveCfg = Debug|Any CPU
		{E6C571DB-75AE-4B73-8810-C5BAD3A66998}.Debug|Any CPU.Build.0 = Debug|Any CPU
		{E6C571DB-75AE-4B73-8810-C5BAD3A66998}.Release|Any CPU.ActiveCfg = Release|Any CPU
		{E6C571DB-75AE-4B73-8810-C5BAD3A66998}.Release|Any CPU.Build.0 = Release|Any CPU
		{5AA45336-CD50-4F78-8886-9003A71DF84F}.Debug|Any CPU.ActiveCfg = Debug|Any CPU
		{5AA45336-CD50-4F78-8886-9003A71DF84F}.Debug|Any CPU.Build.0 = Debug|Any CPU
		{5AA45336-CD50-4F78-8886-9003A71DF84F}.Release|Any CPU.ActiveCfg = Release|Any CPU
		{5AA45336-CD50-4F78-8886-9003A71DF84F}.Release|Any CPU.Build.0 = Release|Any CPU
	EndGlobalSection
	GlobalSection(SolutionProperties) = preSolution
		HideSolutionNode = FALSE
	EndGlobalSection
	GlobalSection(ExtensibilityGlobals) = postSolution
		SolutionGuid = {12D61688-B969-4312-A0D9-6C61C04317B2}
	EndGlobalSection
EndGlobal
